
Microsoft Visual Studio Solution File, Format Version 12.00
# Visual Studio Version 17
VisualStudioVersion = 17.10.34928.147
MinimumVisualStudioVersion = 10.0.40219.1
Project("{FAE04EC0-301F-11D3-BF4B-00C04F79EFBC}") = "Assignment1_N01588784", "Assignment1_N01588784\Assignment1_N01588784.csproj", "{1FB5E0F8-EEE5-4F52-A744-E8E6B8C381B7}"
EndProject
Global
	GlobalSection(SolutionConfigurationPlatforms) = preSolution
		Debug|Any CPU = Debug|Any CPU
		Release|Any CPU = Release|Any CPU
	EndGlobalSection
	GlobalSection(ProjectConfigurationPlatforms) = postSolution
		{1FB5E0F8-EEE5-4F52-A744-E8E6B8C381B7}.Debug|Any CPU.ActiveCfg = Debug|Any CPU
		{1FB5E0F8-EEE5-4F52-A744-E8E6B8C381B7}.Debug|Any CPU.Build.0 = Debug|Any CPU
		{1FB5E0F8-EEE5-4F52-A744-E8E6B8C381B7}.Release|Any CPU.ActiveCfg = Release|Any CPU
		{1FB5E0F8-EEE5-4F52-A744-E8E6B8C381B7}.Release|Any CPU.Build.0 = Release|Any CPU
	EndGlobalSection
	GlobalSection(SolutionProperties) = preSolution
		HideSolutionNode = FALSE
	EndGlobalSection
	GlobalSection(ExtensibilityGlobals) = postSolution
		SolutionGuid = {DD56FE40-7BA9-4A63-BBBB-BEE63F3F58FE}
	EndGlobalSection
EndGlobal
